// !$*UTF8*$!
{
	archiveVersion = 1;
	classes = {
	};
	objectVersion = 56;
	objects = {

/* Begin PBXBuildFile section */
		1A000001 /* DualVideoApp.swift in Sources */ = {isa = PBXBuildFile; fileRef = 1B000001 /* DualVideoApp.swift */; };
		1A000002 /* AppState.swift in Sources */ = {isa = PBXBuildFile; fileRef = 1B000002 /* AppState.swift */; };
		1A000092 /* GlassBackground.swift in Sources */ = {isa = PBXBuildFile; fileRef = 1B000092 /* GlassBackground.swift */; };
		1A000003 /* PermissionManager.swift in Sources */ = {isa = PBXBuildFile; fileRef = 1B000003 /* PermissionManager.swift */; };
		1A000004 /* UnsupportedDeviceView.swift in Sources */ = {isa = PBXBuildFile; fileRef = 1B000004 /* UnsupportedDeviceView.swift */; };
		1A000005 /* RootView.swift in Sources */ = {isa = PBXBuildFile; fileRef = 1B000005 /* RootView.swift */; };
		1A000007 /* CameraActor.swift in Sources */ = {isa = PBXBuildFile; fileRef = 1B000007 /* CameraActor.swift */; };
		1A000008 /* CameraManager.swift in Sources */ = {isa = PBXBuildFile; fileRef = 1B000008 /* CameraManager.swift */; };
		1A000009 /* CameraPreviewView.swift in Sources */ = {isa = PBXBuildFile; fileRef = 1B000009 /* CameraPreviewView.swift */; };
		1A00000A /* CameraContentView.swift in Sources */ = {isa = PBXBuildFile; fileRef = 1B00000A /* CameraContentView.swift */; };
		1A00000B /* PiPOverlayState.swift in Sources */ = {isa = PBXBuildFile; fileRef = 1B00000B /* PiPOverlayState.swift */; };
		1A000010 /* CapabilityGateTests.swift in Sources */ = {isa = PBXBuildFile; fileRef = 1B000010 /* CapabilityGateTests.swift */; };
		1A000011 /* PermissionManagerTests.swift in Sources */ = {isa = PBXBuildFile; fileRef = 1B000011 /* PermissionManagerTests.swift */; };
		1A000012 /* CameraManagerTests.swift in Sources */ = {isa = PBXBuildFile; fileRef = 1B000012 /* CameraManagerTests.swift */; };
		1A000013 /* PiPDragClampTests.swift in Sources */ = {isa = PBXBuildFile; fileRef = 1B000013 /* PiPDragClampTests.swift */; };
		1A000014 /* ZoomClampTests.swift in Sources */ = {isa = PBXBuildFile; fileRef = 1B000014 /* ZoomClampTests.swift */; };
		1A000020 /* AVFoundation.framework in Frameworks */ = {isa = PBXBuildFile; fileRef = 1B000020 /* AVFoundation.framework */; };
		1A000021 /* Photos.framework in Frameworks */ = {isa = PBXBuildFile; fileRef = 1B000021 /* Photos.framework */; };
		1A000030 /* PiPCompositor.swift in Sources */ = {isa = PBXBuildFile; fileRef = 1B000030 /* PiPCompositor.swift */; };
		1A000031 /* PiPCompositorTests.swift in Sources */ = {isa = PBXBuildFile; fileRef = 1B000031 /* PiPCompositorTests.swift */; };
		1A000040 /* MovieRecorder.swift in Sources */ = {isa = PBXBuildFile; fileRef = 1B000040 /* MovieRecorder.swift */; };
		1A000041 /* RecordingManager.swift in Sources */ = {isa = PBXBuildFile; fileRef = 1B000041 /* RecordingManager.swift */; };
		1A000042 /* RecordButton.swift in Sources */ = {isa = PBXBuildFile; fileRef = 1B000042 /* RecordButton.swift */; };
		1A000043 /* RecordingStatusOverlay.swift in Sources */ = {isa = PBXBuildFile; fileRef = 1B000043 /* RecordingStatusOverlay.swift */; };
		1A000044 /* MovieRecorderTests.swift in Sources */ = {isa = PBXBuildFile; fileRef = 1B000044 /* MovieRecorderTests.swift */; };
		1A000045 /* RecordingManagerTests.swift in Sources */ = {isa = PBXBuildFile; fileRef = 1B000045 /* RecordingManagerTests.swift */; };
		1A000050 /* PhotoSaveManager.swift in Sources */ = {isa = PBXBuildFile; fileRef = 1B000050 /* PhotoSaveManager.swift */; };
		1A000051 /* PhotoSaveManagerTests.swift in Sources */ = {isa = PBXBuildFile; fileRef = 1B000051 /* PhotoSaveManagerTests.swift */; };
		1A000052 /* PiPSnapTests.swift in Sources */ = {isa = PBXBuildFile; fileRef = 1B000052 /* PiPSnapTests.swift */; };
		1A000060 /* TorchToggleButton.swift in Sources */ = {isa = PBXBuildFile; fileRef = 1B000060 /* TorchToggleButton.swift */; };
		1A000070 /* Assets.xcassets in Resources */ = {isa = PBXBuildFile; fileRef = 1B000070 /* Assets.xcassets */; };
		1A000080 /* VideoQualitySettings.swift in Sources */ = {isa = PBXBuildFile; fileRef = 1B000080 /* VideoQualitySettings.swift */; };
		1A000082 /* VideoQualitySettingsTests.swift in Sources */ = {isa = PBXBuildFile; fileRef = 1B000082 /* VideoQualitySettingsTests.swift */; };
		1A000090 /* QualitySettingsButton.swift in Sources */ = {isa = PBXBuildFile; fileRef = 1B000090 /* QualitySettingsButton.swift */; };
		1A000091 /* QualitySettingsSheet.swift in Sources */ = {isa = PBXBuildFile; fileRef = 1B000091 /* QualitySettingsSheet.swift */; };
		1A000093 /* ZoomPresetView.swift in Sources */ = {isa = PBXBuildFile; fileRef = 1B000093 /* ZoomPresetView.swift */; };
/* End PBXBuildFile section */

/* Begin PBXContainerItemProxy section */
		2C000002 /* PBXContainerItemProxy */ = {
			isa = PBXContainerItemProxy;
			containerPortal = 2D000001 /* Project object */;
			proxyType = 1;
			remoteGlobalIDString = 2A000001;
			remoteInfo = DualVideo;
		};
/* End PBXContainerItemProxy section */

/* Begin PBXFileReference section */
		1B000001 /* DualVideoApp.swift */ = {isa = PBXFileReference; lastKnownFileType = sourcecode.swift; path = DualVideoApp.swift; sourceTree = "<group>"; };
		1B000002 /* AppState.swift */ = {isa = PBXFileReference; lastKnownFileType = sourcecode.swift; path = AppState.swift; sourceTree = "<group>"; };
		1B000092 /* GlassBackground.swift */ = {isa = PBXFileReference; lastKnownFileType = sourcecode.swift; path = GlassBackground.swift; sourceTree = "<group>"; };
		1B000003 /* PermissionManager.swift */ = {isa = PBXFileReference; lastKnownFileType = sourcecode.swift; path = PermissionManager.swift; sourceTree = "<group>"; };
		1B000004 /* UnsupportedDeviceView.swift */ = {isa = PBXFileReference; lastKnownFileType = sourcecode.swift; path = UnsupportedDeviceView.swift; sourceTree = "<group>"; };
		1B000005 /* RootView.swift */ = {isa = PBXFileReference; lastKnownFileType = sourcecode.swift; path = RootView.swift; sourceTree = "<group>"; };
		1B000006 /* Info.plist */ = {isa = PBXFileReference; lastKnownFileType = text.plist.xml; path = Info.plist; sourceTree = "<group>"; };
		1B000007 /* CameraActor.swift */ = {isa = PBXFileReference; lastKnownFileType = sourcecode.swift; path = CameraActor.swift; sourceTree = "<group>"; };
		1B000008 /* CameraManager.swift */ = {isa = PBXFileReference; lastKnownFileType = sourcecode.swift; path = CameraManager.swift; sourceTree = "<group>"; };
		1B000009 /* CameraPreviewView.swift */ = {isa = PBXFileReference; lastKnownFileType = sourcecode.swift; path = CameraPreviewView.swift; sourceTree = "<group>"; };
		1B00000A /* CameraContentView.swift */ = {isa = PBXFileReference; lastKnownFileType = sourcecode.swift; path = CameraContentView.swift; sourceTree = "<group>"; };
		1B00000B /* PiPOverlayState.swift */ = {isa = PBXFileReference; lastKnownFileType = sourcecode.swift; path = PiPOverlayState.swift; sourceTree = "<group>"; };
		1B000010 /* CapabilityGateTests.swift */ = {isa = PBXFileReference; lastKnownFileType = sourcecode.swift; path = CapabilityGateTests.swift; sourceTree = "<group>"; };
		1B000011 /* PermissionManagerTests.swift */ = {isa = PBXFileReference; lastKnownFileType = sourcecode.swift; path = PermissionManagerTests.swift; sourceTree = "<group>"; };
		1B000012 /* CameraManagerTests.swift */ = {isa = PBXFileReference; lastKnownFileType = sourcecode.swift; path = CameraManagerTests.swift; sourceTree = "<group>"; };
		1B000013 /* PiPDragClampTests.swift */ = {isa = PBXFileReference; lastKnownFileType = sourcecode.swift; path = PiPDragClampTests.swift; sourceTree = "<group>"; };
		1B000014 /* ZoomClampTests.swift */ = {isa = PBXFileReference; lastKnownFileType = sourcecode.swift; path = ZoomClampTests.swift; sourceTree = "<group>"; };
		1B000020 /* AVFoundation.framework */ = {isa = PBXFileReference; lastKnownFileType = wrapper.framework; name = AVFoundation.framework; path = System/Library/Frameworks/AVFoundation.framework; sourceTree = SDKROOT; };
		1B000021 /* Photos.framework */ = {isa = PBXFileReference; lastKnownFileType = wrapper.framework; name = Photos.framework; path = System/Library/Frameworks/Photos.framework; sourceTree = SDKROOT; };
		1B000030 /* PiPCompositor.swift */ = {isa = PBXFileReference; lastKnownFileType = sourcecode.swift; path = PiPCompositor.swift; sourceTree = "<group>"; };
		1B000031 /* PiPCompositorTests.swift */ = {isa = PBXFileReference; lastKnownFileType = sourcecode.swift; path = PiPCompositorTests.swift; sourceTree = "<group>"; };
		1B000040 /* MovieRecorder.swift */ = {isa = PBXFileReference; lastKnownFileType = sourcecode.swift; path = MovieRecorder.swift; sourceTree = "<group>"; };
		1B000041 /* RecordingManager.swift */ = {isa = PBXFileReference; lastKnownFileType = sourcecode.swift; path = RecordingManager.swift; sourceTree = "<group>"; };
		1B000042 /* RecordButton.swift */ = {isa = PBXFileReference; lastKnownFileType = sourcecode.swift; path = RecordButton.swift; sourceTree = "<group>"; };
		1B000043 /* RecordingStatusOverlay.swift */ = {isa = PBXFileReference; lastKnownFileType = sourcecode.swift; path = RecordingStatusOverlay.swift; sourceTree = "<group>"; };
		1B000044 /* MovieRecorderTests.swift */ = {isa = PBXFileReference; lastKnownFileType = sourcecode.swift; path = MovieRecorderTests.swift; sourceTree = "<group>"; };
		1B000045 /* RecordingManagerTests.swift */ = {isa = PBXFileReference; lastKnownFileType = sourcecode.swift; path = RecordingManagerTests.swift; sourceTree = "<group>"; };
		1B000050 /* PhotoSaveManager.swift */ = {isa = PBXFileReference; lastKnownFileType = sourcecode.swift; path = PhotoSaveManager.swift; sourceTree = "<group>"; };
		1B000051 /* PhotoSaveManagerTests.swift */ = {isa = PBXFileReference; lastKnownFileType = sourcecode.swift; path = PhotoSaveManagerTests.swift; sourceTree = "<group>"; };
		1B000052 /* PiPSnapTests.swift */ = {isa = PBXFileReference; lastKnownFileType = sourcecode.swift; path = PiPSnapTests.swift; sourceTree = "<group>"; };
		1B000060 /* TorchToggleButton.swift */ = {isa = PBXFileReference; lastKnownFileType = sourcecode.swift; path = TorchToggleButton.swift; sourceTree = "<group>"; };
		1B000070 /* Assets.xcassets */ = {isa = PBXFileReference; lastKnownFileType = folder.assetcatalog; path = Assets.xcassets; sourceTree = "<group>"; };
		1B000080 /* VideoQualitySettings.swift */ = {isa = PBXFileReference; lastKnownFileType = sourcecode.swift; path = VideoQualitySettings.swift; sourceTree = "<group>"; };
		1B000082 /* VideoQualitySettingsTests.swift */ = {isa = PBXFileReference; lastKnownFileType = sourcecode.swift; path = VideoQualitySettingsTests.swift; sourceTree = "<group>"; };
		1B000090 /* QualitySettingsButton.swift */ = {isa = PBXFileReference; lastKnownFileType = sourcecode.swift; path = QualitySettingsButton.swift; sourceTree = "<group>"; };
		1B000091 /* QualitySettingsSheet.swift */ = {isa = PBXFileReference; lastKnownFileType = sourcecode.swift; path = QualitySettingsSheet.swift; sourceTree = "<group>"; };
		1B000093 /* ZoomPresetView.swift */ = {isa = PBXFileReference; lastKnownFileType = sourcecode.swift; path = ZoomPresetView.swift; sourceTree = "<group>"; };
		1C000001 /* DualVideo.app */ = {isa = PBXFileReference; explicitFileType = wrapper.application; includeInIndex = 0; path = DualVideo.app; sourceTree = BUILT_PRODUCTS_DIR; };
		1C000002 /* DualVideoTests.xctest */ = {isa = PBXFileReference; explicitFileType = wrapper.cfbundle; includeInIndex = 0; path = DualVideoTests.xctest; sourceTree = BUILT_PRODUCTS_DIR; };
/* End PBXFileReference section */

/* Begin PBXFrameworksBuildPhase section */
		1D000001 /* Frameworks */ = {
			isa = PBXFrameworksBuildPhase;
			buildActionMask = 2147483647;
			files = (
				1A000020 /* AVFoundation.framework in Frameworks */,
				1A000021 /* Photos.framework in Frameworks */,
			);
			runOnlyForDeploymentPostprocessing = 0;
		};
		1D000002 /* Frameworks */ = {
			isa = PBXFrameworksBuildPhase;
			buildActionMask = 2147483647;
			files = (
			);
			runOnlyForDeploymentPostprocessing = 0;
		};
/* End PBXFrameworksBuildPhase section */

/* Begin PBXGroup section */
		1E000000 /* Products */ = {
			isa = PBXGroup;
			children = (
				1C000001 /* DualVideo.app */,
				1C000002 /* DualVideoTests.xctest */,
			);
			name = Products;
			sourceTree = "<group>";
		};
		1E000001 /* Frameworks */ = {
			isa = PBXGroup;
			children = (
				1B000020 /* AVFoundation.framework */,
				1B000021 /* Photos.framework */,
			);
			name = Frameworks;
			sourceTree = "<group>";
		};
		1E000002 /* DualVideo */ = {
			isa = PBXGroup;
			children = (
				1E000010 /* App */,
				1E000011 /* Features */,
				1E000012 /* Shared */,
				1B000070 /* Assets.xcassets */,
			);
			path = DualVideo;
			sourceTree = "<group>";
		};
		1E000010 /* App */ = {
			isa = PBXGroup;
			children = (
				1B000001 /* DualVideoApp.swift */,
				1B000006 /* Info.plist */,
			);
			path = App;
			sourceTree = "<group>";
		};
		1E000011 /* Features */ = {
			isa = PBXGroup;
			children = (
				1E000013 /* Camera */,
				1E000014 /* Root */,
				1E000015 /* Recording */,
			);
			path = Features;
			sourceTree = "<group>";
		};
		1E000015 /* Recording */ = {
			isa = PBXGroup;
			children = (
				1B000030 /* PiPCompositor.swift */,
				1B000040 /* MovieRecorder.swift */,
				1B000041 /* RecordingManager.swift */,
				1B000050 /* PhotoSaveManager.swift */,
				1B000080 /* VideoQualitySettings.swift */,
				1E000016 /* UI */,
			);
			path = Recording;
			sourceTree = "<group>";
		};
		1E000016 /* UI */ = {
			isa = PBXGroup;
			children = (
				1B000042 /* RecordButton.swift */,
				1B000043 /* RecordingStatusOverlay.swift */,
				1B000060 /* TorchToggleButton.swift */,
				1B000090 /* QualitySettingsButton.swift */,
				1B000091 /* QualitySettingsSheet.swift */,
				1B000093 /* ZoomPresetView.swift */,
			);
			path = UI;
			sourceTree = "<group>";
		};
		1E000012 /* Shared */ = {
			isa = PBXGroup;
			children = (
				1B000002 /* AppState.swift */,
				1B000092 /* GlassBackground.swift */,
			);
			path = Shared;
			sourceTree = "<group>";
		};
		1E000013 /* Camera */ = {
			isa = PBXGroup;
			children = (
				1B000003 /* PermissionManager.swift */,
				1B000004 /* UnsupportedDeviceView.swift */,
				1B000007 /* CameraActor.swift */,
				1B000008 /* CameraManager.swift */,
				1B000009 /* CameraPreviewView.swift */,
				1B00000A /* CameraContentView.swift */,
				1B00000B /* PiPOverlayState.swift */,
			);
			path = Camera;
			sourceTree = "<group>";
		};
		1E000014 /* Root */ = {
			isa = PBXGroup;
			children = (
				1B000005 /* RootView.swift */,
			);
			path = Root;
			sourceTree = "<group>";
		};
		1E000020 /* DualVideoTests */ = {
			isa = PBXGroup;
			children = (
				1E000021 /* UnitTests */,
			);
			path = DualVideoTests;
			sourceTree = "<group>";
		};
		1E000021 /* UnitTests */ = {
			isa = PBXGroup;
			children = (
				1B000010 /* CapabilityGateTests.swift */,
				1B000011 /* PermissionManagerTests.swift */,
				1B000012 /* CameraManagerTests.swift */,
				1B000013 /* PiPDragClampTests.swift */,
				1B000014 /* ZoomClampTests.swift */,
				1B000031 /* PiPCompositorTests.swift */,
				1B000044 /* MovieRecorderTests.swift */,
				1B000045 /* RecordingManagerTests.swift */,
				1B000051 /* PhotoSaveManagerTests.swift */,
				1B000052 /* PiPSnapTests.swift */,
				1B000082 /* VideoQualitySettingsTests.swift */,
			);
			path = UnitTests;
			sourceTree = "<group>";
		};
		1F000000 = {
			isa = PBXGroup;
			children = (
				1E000002 /* DualVideo */,
				1E000020 /* DualVideoTests */,
				1E000001 /* Frameworks */,
				1E000000 /* Products */,
			);
			sourceTree = "<group>";
		};
/* End PBXGroup section */

/* Begin PBXNativeTarget section */
		2A000001 /* DualVideo */ = {
			isa = PBXNativeTarget;
			buildConfigurationList = 3A000001 /* Build configuration list for PBXNativeTarget "DualVideo" */;
			buildPhases = (
				2B000001 /* Sources */,
				1D000001 /* Frameworks */,
				2B000003 /* Resources */,
			);
			buildRules = (
			);
			dependencies = (
			);
			name = DualVideo;
			productName = DualVideo;
			productReference = 1C000001 /* DualVideo.app */;
			productType = "com.apple.product-type.application";
		};
		2A000002 /* DualVideoTests */ = {
			isa = PBXNativeTarget;
			buildConfigurationList = 3A000002 /* Build configuration list for PBXNativeTarget "DualVideoTests" */;
			buildPhases = (
				2B000002 /* Sources */,
				1D000002 /* Frameworks */,
			);
			buildRules = (
			);
			dependencies = (
				2C000001 /* PBXTargetDependency */,
			);
			name = DualVideoTests;
			productName = DualVideoTests;
			productReference = 1C000002 /* DualVideoTests.xctest */;
			productType = "com.apple.product-type.bundle.unit-test";
		};
/* End PBXNativeTarget section */

/* Begin PBXProject section */
		2D000001 /* Project object */ = {
			isa = PBXProject;
			attributes = {
				BuildIndependentTargetsInParallel = 1;
				LastSwiftUpdateCheck = 1600;
				LastUpgradeCheck = 1600;
				TargetAttributes = {
					2A000001 = {
						CreatedOnToolsVersion = 16.0;
					};
					2A000002 = {
						CreatedOnToolsVersion = 16.0;
						TestTargetID = 2A000001;
					};
				};
			};
			buildConfigurationList = 3A000000 /* Build configuration list for PBXProject "DualVideo" */;
			compatibilityVersion = "Xcode 14.0";
			developmentRegion = en;
			hasScannedForEncodings = 0;
			knownRegions = (
				en,
				Base,
			);
			mainGroup = 1F000000;
			productRefGroup = 1E000000 /* Products */;
			projectDirPath = "";
			projectRoot = "";
			targets = (
				2A000001 /* DualVideo */,
				2A000002 /* DualVideoTests */,
			);
		};
/* End PBXProject section */

/* Begin PBXResourcesBuildPhase section */
		2B000003 /* Resources */ = {
			isa = PBXResourcesBuildPhase;
			buildActionMask = 2147483647;
			files = (
				1A000070 /* Assets.xcassets in Resources */,
			);
			runOnlyForDeploymentPostprocessing = 0;
		};
/* End PBXResourcesBuildPhase section */

/* Begin PBXSourcesBuildPhase section */
		2B000001 /* Sources */ = {
			isa = PBXSourcesBuildPhase;
			buildActionMask = 2147483647;
			files = (
				1A000001 /* DualVideoApp.swift in Sources */,
				1A000002 /* AppState.swift in Sources */,
				1A000003 /* PermissionManager.swift in Sources */,
				1A000004 /* UnsupportedDeviceView.swift in Sources */,
				1A000005 /* RootView.swift in Sources */,
				1A000007 /* CameraActor.swift in Sources */,
				1A000008 /* CameraManager.swift in Sources */,
				1A000009 /* CameraPreviewView.swift in Sources */,
				1A00000A /* CameraContentView.swift in Sources */,
				1A00000B /* PiPOverlayState.swift in Sources */,
				1A000030 /* PiPCompositor.swift in Sources */,
				1A000040 /* MovieRecorder.swift in Sources */,
				1A000041 /* RecordingManager.swift in Sources */,
				1A000042 /* RecordButton.swift in Sources */,
				1A000043 /* RecordingStatusOverlay.swift in Sources */,
				1A000050 /* PhotoSaveManager.swift in Sources */,
				1A000060 /* TorchToggleButton.swift in Sources */,
				1A000080 /* VideoQualitySettings.swift in Sources */,
				1A000090 /* QualitySettingsButton.swift in Sources */,
				1A000091 /* QualitySettingsSheet.swift in Sources */,
				1A000092 /* GlassBackground.swift in Sources */,
				1A000093 /* ZoomPresetView.swift in Sources */,
			);
			runOnlyForDeploymentPostprocessing = 0;
		};
		2B000002 /* Sources */ = {
			isa = PBXSourcesBuildPhase;
			buildActionMask = 2147483647;
			files = (
				1A000010 /* CapabilityGateTests.swift in Sources */,
				1A000011 /* PermissionManagerTests.swift in Sources */,
				1A000012 /* CameraManagerTests.swift in Sources */,
				1A000013 /* PiPDragClampTests.swift in Sources */,
				1A000014 /* ZoomClampTests.swift in Sources */,
				1A000031 /* PiPCompositorTests.swift in Sources */,
				1A000044 /* MovieRecorderTests.swift in Sources */,
				1A000045 /* RecordingManagerTests.swift in Sources */,
				1A000051 /* PhotoSaveManagerTests.swift in Sources */,
				1A000052 /* PiPSnapTests.swift in Sources */,
				1A000082 /* VideoQualitySettingsTests.swift in Sources */,
			);
			runOnlyForDeploymentPostprocessing = 0;
		};
/* End PBXSourcesBuildPhase section */

/* Begin PBXTargetDependency section */
		2C000001 /* PBXTargetDependency */ = {
			isa = PBXTargetDependency;
			target = 2A000001 /* DualVideo */;
			targetProxy = 2C000002 /* PBXContainerItemProxy */;
		};
/* End PBXTargetDependency section */

/* Begin XCBuildConfiguration section */
		3B000001 /* Debug */ = {
			isa = XCBuildConfiguration;
			buildSettings = {
				ALWAYS_SEARCH_USER_PATHS = NO;
				ASSETCATALOG_COMPILER_GENERATE_SWIFT_ASSET_SYMBOL_EXTENSIONS = YES;
				CLANG_ANALYZER_NONNULL = YES;
				CLANG_ANALYZER_NUMBER_OBJECT_CONVERSION = YES_AGGRESSIVE;
				CLANG_CXX_LANGUAGE_STANDARD = "gnu++20";
				CLANG_ENABLE_MODULES = YES;
				CLANG_ENABLE_OBJC_ARC = YES;
				CLANG_ENABLE_OBJC_WEAK = YES;
				CLANG_WARN_BLOCK_CAPTURE_AUTORELEASING = YES;
				CLANG_WARN_BOOL_CONVERSION = YES;
				CLANG_WARN_COMMA = YES;
				CLANG_WARN_CONSTANT_CONVERSION = YES;
				CLANG_WARN_DEPRECATED_OBJC_IMPLEMENTATIONS = YES;
				CLANG_WARN_DIRECT_OBJC_ISA_USAGE = YES_ERROR;
				CLANG_WARN_DOCUMENTATION_COMMENTS = YES;
				CLANG_WARN_EMPTY_BODY = YES;
				CLANG_WARN_ENUM_CONVERSION = YES;
				CLANG_WARN_INFINITE_RECURSION = YES;
				CLANG_WARN_INT_CONVERSION = YES;
				CLANG_WARN_NON_LITERAL_NULL_CONVERSION = YES;
				CLANG_WARN_OBJC_IMPLICIT_RETAIN_SELF = YES;
				CLANG_WARN_OBJC_LITERAL_CONVERSION = YES;
				CLANG_WARN_OBJC_ROOT_CLASS = YES_ERROR;
				CLANG_WARN_QUOTED_INCLUDE_IN_FRAMEWORK_HEADER = YES;
				CLANG_WARN_RANGE_LOOP_ANALYSIS = YES;
				CLANG_WARN_STRICT_PROTOTYPES = YES;
				CLANG_WARN_SUSPICIOUS_MOVE = YES;
				CLANG_WARN_UNGUARDED_AVAILABILITY = YES_AGGRESSIVE;
				CLANG_WARN_UNREACHABLE_CODE = YES;
				CLANG_WARN__DUPLICATE_METHOD_MATCH = YES;
				COPY_PHASE_STRIP = NO;
				DEBUG_INFORMATION_FORMAT = dwarf;
				ENABLE_STRICT_OBJC_MSGSEND = YES;
				ENABLE_TESTABILITY = YES;
				ENABLE_USER_SCRIPT_SANDBOXING = YES;
				GCC_C_LANGUAGE_STANDARD = gnu17;
				GCC_DYNAMIC_NO_PIC = NO;
				GCC_NO_COMMON_BLOCKS = YES;
				GCC_OPTIMIZATION_LEVEL = 0;
				GCC_PREPROCESSOR_DEFINITIONS = (
					"DEBUG=1",
					"$(inherited)",
				);
				GCC_WARN_64_TO_32_BIT_CONVERSION = YES;
				GCC_WARN_ABOUT_RETURN_TYPE = YES_ERROR;
				GCC_WARN_UNDECLARED_SELECTOR = YES;
				GCC_WARN_UNINITIALIZED_AUTOS = YES_AGGRESSIVE;
				GCC_WARN_UNUSED_FUNCTION = YES;
				GCC_WARN_UNUSED_VARIABLE = YES;
				IPHONEOS_DEPLOYMENT_TARGET = 18.0;
				MTL_ENABLE_DEBUG_INFO = INCLUDE_SOURCE;
				MTL_FAST_MATH = YES;
				ONLY_ACTIVE_ARCH = YES;
				SDKROOT = iphoneos;
				SWIFT_ACTIVE_COMPILATION_CONDITIONS = "DEBUG $(inherited)";
				SWIFT_OPTIMIZATION_LEVEL = "-Onone";
			};
			name = Debug;
		};
		3B000002 /* Release */ = {
			isa = XCBuildConfiguration;
			buildSettings = {
				ALWAYS_SEARCH_USER_PATHS = NO;
				ASSETCATALOG_COMPILER_GENERATE_SWIFT_ASSET_SYMBOL_EXTENSIONS = YES;
				CLANG_ANALYZER_NONNULL = YES;
				CLANG_ANALYZER_NUMBER_OBJECT_CONVERSION = YES_AGGRESSIVE;
				CLANG_CXX_LANGUAGE_STANDARD = "gnu++20";
				CLANG_ENABLE_MODULES = YES;
				CLANG_ENABLE_OBJC_ARC = YES;
				CLANG_ENABLE_OBJC_WEAK = YES;
				CLANG_WARN_BLOCK_CAPTURE_AUTORELEASING = YES;
				CLANG_WARN_BOOL_CONVERSION = YES;
				CLANG_WARN_COMMA = YES;
				CLANG_WARN_CONSTANT_CONVERSION = YES;
				CLANG_WARN_DEPRECATED_OBJC_IMPLEMENTATIONS = YES;
				CLANG_WARN_DIRECT_OBJC_ISA_USAGE = YES_ERROR;
				CLANG_WARN_DOCUMENTATION_COMMENTS = YES;
				CLANG_WARN_EMPTY_BODY = YES;
				CLANG_WARN_ENUM_CONVERSION = YES;
				CLANG_WARN_INFINITE_RECURSION = YES;
				CLANG_WARN_INT_CONVERSION = YES;
				CLANG_WARN_NON_LITERAL_NULL_CONVERSION = YES;
				CLANG_WARN_OBJC_IMPLICIT_RETAIN_SELF = YES;
				CLANG_WARN_OBJC_LITERAL_CONVERSION = YES;
				CLANG_WARN_OBJC_ROOT_CLASS = YES_ERROR;
				CLANG_WARN_QUOTED_INCLUDE_IN_FRAMEWORK_HEADER = YES;
				CLANG_WARN_RANGE_LOOP_ANALYSIS = YES;
				CLANG_WARN_STRICT_PROTOTYPES = YES;
				CLANG_WARN_SUSPICIOUS_MOVE = YES;
				CLANG_WARN_UNGUARDED_AVAILABILITY = YES_AGGRESSIVE;
				CLANG_WARN_UNREACHABLE_CODE = YES;
				CLANG_WARN__DUPLICATE_METHOD_MATCH = YES;
				COPY_PHASE_STRIP = NO;
				DEBUG_INFORMATION_FORMAT = "dwarf-with-dsym";
				ENABLE_NS_ASSERTIONS = NO;
				ENABLE_STRICT_OBJC_MSGSEND = YES;
				ENABLE_USER_SCRIPT_SANDBOXING = YES;
				GCC_C_LANGUAGE_STANDARD = gnu17;
				GCC_NO_COMMON_BLOCKS = YES;
				GCC_WARN_64_TO_32_BIT_CONVERSION = YES;
				GCC_WARN_ABOUT_RETURN_TYPE = YES_ERROR;
				GCC_WARN_UNDECLARED_SELECTOR = YES;
				GCC_WARN_UNINITIALIZED_AUTOS = YES_AGGRESSIVE;
				GCC_WARN_UNUSED_FUNCTION = YES;
				GCC_WARN_UNUSED_VARIABLE = YES;
				IPHONEOS_DEPLOYMENT_TARGET = 18.0;
				MTL_FAST_MATH = YES;
				SDKROOT = iphoneos;
				SWIFT_COMPILATION_MODE = wholemodule;
			};
			name = Release;
		};
		3B000003 /* Debug */ = {
			isa = XCBuildConfiguration;
			buildSettings = {
				BUNDLE_LOADER = "$(TEST_HOST)";
				CODE_SIGN_STYLE = Automatic;
				CURRENT_PROJECT_VERSION = 1;
				DEVELOPMENT_TEAM = "";
				GENERATE_INFOPLIST_FILE = YES;
				INFOPLIST_KEY_CFBundleDisplayName = DualVideoTests;
				IPHONEOS_DEPLOYMENT_TARGET = 18.0;
				MARKETING_VERSION = 1.0;
				PRODUCT_BUNDLE_IDENTIFIER = com.naujgs.DualVideoTests;
				PRODUCT_NAME = "$(TARGET_NAME)";
				SDKROOT = iphoneos;
				SWIFT_EMIT_LOC_STRINGS = NO;
				SWIFT_VERSION = 6.0;
				TEST_HOST = "$(BUILT_PRODUCTS_DIR)/DualVideo.app/$(BUNDLE_EXECUTABLE_FOLDER_PATH)/DualVideo";
			};
			name = Debug;
		};
		3B000004 /* Release */ = {
			isa = XCBuildConfiguration;
			buildSettings = {
				BUNDLE_LOADER = "$(TEST_HOST)";
				CODE_SIGN_STYLE = Automatic;
				CURRENT_PROJECT_VERSION = 1;
				DEVELOPMENT_TEAM = "";
				GENERATE_INFOPLIST_FILE = YES;
				INFOPLIST_KEY_CFBundleDisplayName = DualVideoTests;
				IPHONEOS_DEPLOYMENT_TARGET = 18.0;
				MARKETING_VERSION = 1.0;
				PRODUCT_BUNDLE_IDENTIFIER = com.naujgs.DualVideoTests;
				PRODUCT_NAME = "$(TARGET_NAME)";
				SDKROOT = iphoneos;
				SWIFT_EMIT_LOC_STRINGS = NO;
				SWIFT_VERSION = 6.0;
				TEST_HOST = "$(BUILT_PRODUCTS_DIR)/DualVideo.app/$(BUNDLE_EXECUTABLE_FOLDER_PATH)/DualVideo";
			};
			name = Release;
		};
		3B000005 /* Debug */ = {
			isa = XCBuildConfiguration;
			buildSettings = {
				ASSETCATALOG_COMPILER_APPICON_NAME = AppIcon;
				CODE_SIGN_STYLE = Automatic;
				CURRENT_PROJECT_VERSION = 1;
				DEVELOPMENT_TEAM = 7ZV82QKPX6;
				GENERATE_INFOPLIST_FILE = NO;
				INFOPLIST_FILE = DualVideo/App/Info.plist;
				INFOPLIST_KEY_CFBundleDisplayName = DualVideo;
				INFOPLIST_KEY_UIApplicationSceneManifest_Generation = YES;
				INFOPLIST_KEY_UIApplicationSupportsIndirectInputEvents = YES;
				INFOPLIST_KEY_UILaunchScreen_Generation = YES;
				INFOPLIST_KEY_UISupportedInterfaceOrientations_iPhone = UIInterfaceOrientationPortrait;
				IPHONEOS_DEPLOYMENT_TARGET = 18.0;
				LD_RUNPATH_SEARCH_PATHS = (
					"$(inherited)",
					"@executable_path/Frameworks",
				);
				MARKETING_VERSION = 1.0;
				PRODUCT_BUNDLE_IDENTIFIER = com.naujgs.DualVideo;
				PRODUCT_NAME = "$(TARGET_NAME)";
				SDKROOT = iphoneos;
				SWIFT_EMIT_LOC_STRINGS = YES;
				SWIFT_VERSION = 6.0;
			};
			name = Debug;
		};
		3B000006 /* Release */ = {
			isa = XCBuildConfiguration;
			buildSettings = {
				ASSETCATALOG_COMPILER_APPICON_NAME = AppIcon;
				CODE_SIGN_STYLE = Automatic;
				CURRENT_PROJECT_VERSION = 1;
				DEVELOPMENT_TEAM = 7ZV82QKPX6;
				GENERATE_INFOPLIST_FILE = NO;
				INFOPLIST_FILE = DualVideo/App/Info.plist;
				INFOPLIST_KEY_CFBundleDisplayName = DualVideo;
				INFOPLIST_KEY_UIApplicationSceneManifest_Generation = YES;
				INFOPLIST_KEY_UIApplicationSupportsIndirectInputEvents = YES;
				INFOPLIST_KEY_UILaunchScreen_Generation = YES;
				INFOPLIST_KEY_UISupportedInterfaceOrientations_iPhone = UIInterfaceOrientationPortrait;
				IPHONEOS_DEPLOYMENT_TARGET = 18.0;
				LD_RUNPATH_SEARCH_PATHS = (
					"$(inherited)",
					"@executable_path/Frameworks",
				);
				MARKETING_VERSION = 1.0;
				PRODUCT_BUNDLE_IDENTIFIER = com.naujgs.DualVideo;
				PRODUCT_NAME = "$(TARGET_NAME)";
				SDKROOT = iphoneos;
				SWIFT_EMIT_LOC_STRINGS = YES;
				SWIFT_VERSION = 6.0;
			};
			name = Release;
		};
/* End XCBuildConfiguration section */

/* Begin XCConfigurationList section */
		3A000000 /* Build configuration list for PBXProject "DualVideo" */ = {
			isa = XCConfigurationList;
			buildConfigurations = (
				3B000001 /* Debug */,
				3B000002 /* Release */,
			);
			defaultConfigurationIsVisible = 0;
			defaultConfigurationName = Release;
		};
		3A000001 /* Build configuration list for PBXNativeTarget "DualVideo" */ = {
			isa = XCConfigurationList;
			buildConfigurations = (
				3B000005 /* Debug */,
				3B000006 /* Release */,
			);
			defaultConfigurationIsVisible = 0;
			defaultConfigurationName = Release;
		};
		3A000002 /* Build configuration list for PBXNativeTarget "DualVideoTests" */ = {
			isa = XCConfigurationList;
			buildConfigurations = (
				3B000003 /* Debug */,
				3B000004 /* Release */,
			);
			defaultConfigurationIsVisible = 0;
			defaultConfigurationName = Release;
		};
/* End XCConfigurationList section */
	};
	rootObject = 2D000001 /* Project object */;
}
